lockfileVersion: '6.0'

dependencies:
  '@supabase/supabase-js':
    specifier: ^2.22.0
    version: registry.npmmirror.com/@supabase/supabase-js@2.22.0

devDependencies:
  supabase:
    specifier: ^1.63.1
    version: registry.npmmirror.com/supabase@1.63.1

packages:

  registry.npmmirror.com/@supabase/functions-js@2.1.1:
    resolution: {integrity: sha512-bIR1Puae6W+1/MzPfYBWOG/SCWGo4B5CB7c0ZZksvliNEAzhxNBJ0UFKYINcGdGtxG8ZC+1xr3utWpNZNwnoRw==, registry: https://registry.npm.taobao.org/, tarball: https://registry.npmmirror.com/@supabase/functions-js/-/functions-js-2.1.1.tgz}
    name: '@supabase/functions-js'
    version: 2.1.1
    dependencies:
      cross-fetch: registry.npmmirror.com/cross-fetch@3.1.6
    transitivePeerDependencies:
      - encoding
    dev: false

  registry.npmmirror.com/@supabase/gotrue-js@2.27.2:
    resolution: {integrity: sha512-VVD3M//E7A/fuJsvXVfu7Sv8AuxMHL4owRtp6GoRNxtedHJCngcZzZpIWuQUjbwnNmrfvUQEDuxqNZQVqFbJQw==, registry: https://registry.npm.taobao.org/, tarball: https://registry.npmmirror.com/@supabase/gotrue-js/-/gotrue-js-2.27.2.tgz}
    name: '@supabase/gotrue-js'
    version: 2.27.2
    dependencies:
      cross-fetch: registry.npmmirror.com/cross-fetch@3.1.6
    transitivePeerDependencies:
      - encoding
    dev: false

  registry.npmmirror.com/@supabase/postgrest-js@1.6.1:
    resolution: {integrity: sha512-WDBUPOCOwcZonaCwEodwdA8hwWYOiXroDF9vWGxZxKAnuSVE2Ieci/kvhR4EsWvgGST2h90LRowgO+msXe8+fA==, registry: https://registry.npm.taobao.org/, tarball: https://registry.npmmirror.com/@supabase/postgrest-js/-/postgrest-js-1.6.1.tgz}
    name: '@supabase/postgrest-js'
    version: 1.6.1
    dependencies:
      cross-fetch: registry.npmmirror.com/cross-fetch@3.1.6
    transitivePeerDependencies:
      - encoding
    dev: false

  registry.npmmirror.com/@supabase/realtime-js@2.7.2:
    resolution: {integrity: sha512-Fi6xAl5PUkqnjl3wo4rdcQIbMG3+yTRX1aUZe/yfvTG84RMvmCXJ1yN6MmafVLeZpU1xkaz5Vx4L0tnHcLiy6w==, registry: https://registry.npm.taobao.org/, tarball: https://registry.npmmirror.com/@supabase/realtime-js/-/realtime-js-2.7.2.tgz}
    name: '@supabase/realtime-js'
    version: 2.7.2
    dependencies:
      '@types/phoenix': registry.npmmirror.com/@types/phoenix@1.5.6
      '@types/websocket': registry.npmmirror.com/@types/websocket@1.0.5
      websocket: registry.npmmirror.com/websocket@1.0.34
    transitivePeerDependencies:
      - supports-color
    dev: false

  registry.npmmirror.com/@supabase/storage-js@2.5.1:
    resolution: {integrity: sha512-nkR0fQA9ScAtIKA3vNoPEqbZv1k5B5HVRYEvRWdlP6mUpFphM9TwPL2jZ/ztNGMTG5xT6SrHr+H7Ykz8qzbhjw==, registry: https://registry.npm.taobao.org/, tarball: https://registry.npmmirror.com/@supabase/storage-js/-/storage-js-2.5.1.tgz}
    name: '@supabase/storage-js'
    version: 2.5.1
    dependencies:
      cross-fetch: registry.npmmirror.com/cross-fetch@3.1.6
    transitivePeerDependencies:
      - encoding
    dev: false

  registry.npmmirror.com/@supabase/supabase-js@2.22.0:
    resolution: {integrity: sha512-omkgSWL1HwnpXZZy+yshFLx/qqxwk9kx9jbRM6IHNEylKrH/sz6JX7rGyIOmN9niDxMRjsCu1nwuBhD6IiF2xg==, registry: https://registry.npm.taobao.org/, tarball: https://registry.npmmirror.com/@supabase/supabase-js/-/supabase-js-2.22.0.tgz}
    name: '@supabase/supabase-js'
    version: 2.22.0
    dependencies:
      '@supabase/functions-js': registry.npmmirror.com/@supabase/functions-js@2.1.1
      '@supabase/gotrue-js': registry.npmmirror.com/@supabase/gotrue-js@2.27.2
      '@supabase/postgrest-js': registry.npmmirror.com/@supabase/postgrest-js@1.6.1
      '@supabase/realtime-js': registry.npmmirror.com/@supabase/realtime-js@2.7.2
      '@supabase/storage-js': registry.npmmirror.com/@supabase/storage-js@2.5.1
      cross-fetch: registry.npmmirror.com/cross-fetch@3.1.6
    transitivePeerDependencies:
      - encoding
      - supports-color
    dev: false

  registry.npmmirror.com/@types/node@20.2.3:
    resolution: {integrity: sha512-pg9d0yC4rVNWQzX8U7xb4olIOFuuVL9za3bzMT2pu2SU0SNEi66i2qrvhE2qt0HvkhuCaWJu7pLNOt/Pj8BIrw==, registry: https://registry.npm.taobao.org/, tarball: https://registry.npmmirror.com/@types/node/-/node-20.2.3.tgz}
    name: '@types/node'
    version: 20.2.3
    dev: false

  registry.npmmirror.com/@types/phoenix@1.5.6:
    resolution: {integrity: sha512-e7jZ6I9uyRGsg7MNwQcarmBvRlbGb9DibbocE9crVnxqsy6C23RMxLWbJ2CQ3vgCW7taoL1L+F02EcjA6ld7XA==, registry: https://registry.npm.taobao.org/, tarball: https://registry.npmmirror.com/@types/phoenix/-/phoenix-1.5.6.tgz}
    name: '@types/phoenix'
    version: 1.5.6
    dev: false

  registry.npmmirror.com/@types/websocket@1.0.5:
    resolution: {integrity: sha512-NbsqiNX9CnEfC1Z0Vf4mE1SgAJ07JnRYcNex7AJ9zAVzmiGHmjKFEk7O4TJIsgv2B1sLEb6owKFZrACwdYngsQ==, registry: https://registry.npm.taobao.org/, tarball: https://registry.npmmirror.com/@types/websocket/-/websocket-1.0.5.tgz}
    name: '@types/websocket'
    version: 1.0.5
    dependencies:
      '@types/node': registry.npmmirror.com/@types/node@20.2.3
    dev: false

  registry.npmmirror.com/bin-links@4.0.1:
    resolution: {integrity: sha512-bmFEM39CyX336ZGGRsGPlc6jZHriIoHacOQcTt72MktIjpPhZoP4te2jOyUXF3BLILmJ8aNLncoPVeIIFlrDeA==, registry: https://registry.npm.taobao.org/, tarball: https://registry.npmmirror.com/bin-links/-/bin-links-4.0.1.tgz}
    name: bin-links
    version: 4.0.1
    engines: {node: ^14.17.0 || ^16.13.0 || >=18.0.0}
    dependencies:
      cmd-shim: registry.npmmirror.com/cmd-shim@6.0.1
      npm-normalize-package-bin: registry.npmmirror.com/npm-normalize-package-bin@3.0.1
      read-cmd-shim: registry.npmmirror.com/read-cmd-shim@4.0.0
      write-file-atomic: registry.npmmirror.com/write-file-atomic@5.0.1
    dev: true

  registry.npmmirror.com/bufferutil@4.0.7:
    resolution: {integrity: sha512-kukuqc39WOHtdxtw4UScxF/WVnMFVSQVKhtx3AjZJzhd0RGZZldcrfSEbVsWWe6KNH253574cq5F+wpv0G9pJw==, registry: https://registry.npm.taobao.org/, tarball: https://registry.npmmirror.com/bufferutil/-/bufferutil-4.0.7.tgz}
    name: bufferutil
    version: 4.0.7
    engines: {node: '>=6.14.2'}
    requiresBuild: true
    dependencies:
      node-gyp-build: registry.npmmirror.com/node-gyp-build@4.6.0
    dev: false

  registry.npmmirror.com/chownr@2.0.0:
    resolution: {integrity: sha512-bIomtDF5KGpdogkLd9VspvFzk9KfpyyGlS8YFVZl7TGPBHL5snIOnxeshwVgPteQ9b4Eydl+pVbIyE1DcvCWgQ==, registry: https://registry.npm.taobao.org/, tarball: https://registry.npmmirror.com/chownr/-/chownr-2.0.0.tgz}
    name: chownr
    version: 2.0.0
    engines: {node: '>=10'}
    dev: true

  registry.npmmirror.com/cmd-shim@6.0.1:
    resolution: {integrity: sha512-S9iI9y0nKR4hwEQsVWpyxld/6kRfGepGfzff83FcaiEBpmvlbA2nnGe7Cylgrx2f/p1P5S5wpRm9oL8z1PbS3Q==, registry: https://registry.npm.taobao.org/, tarball: https://registry.npmmirror.com/cmd-shim/-/cmd-shim-6.0.1.tgz}
    name: cmd-shim
    version: 6.0.1
    engines: {node: ^14.17.0 || ^16.13.0 || >=18.0.0}
    dev: true

  registry.npmmirror.com/cross-fetch@3.1.6:
    resolution: {integrity: sha512-riRvo06crlE8HiqOwIpQhxwdOk4fOeR7FVM/wXoxchFEqMNUjvbs3bfo4OTgMEMHzppd4DxFBDbyySj8Cv781g==, registry: https://registry.npm.taobao.org/, tarball: https://registry.npmmirror.com/cross-fetch/-/cross-fetch-3.1.6.tgz}
    name: cross-fetch
    version: 3.1.6
    dependencies:
      node-fetch: registry.npmmirror.com/node-fetch@2.6.11
    transitivePeerDependencies:
      - encoding
    dev: false

  registry.npmmirror.com/d@1.0.1:
    resolution: {integrity: sha512-m62ShEObQ39CfralilEQRjH6oAMtNCV1xJyEx5LpRYUVN+EviphDgUc/F3hnYbADmkiNs67Y+3ylmlG7Lnu+FA==, registry: https://registry.npm.taobao.org/, tarball: https://registry.npmmirror.com/d/-/d-1.0.1.tgz}
    name: d
    version: 1.0.1
    dependencies:
      es5-ext: registry.npmmirror.com/es5-ext@0.10.62
      type: registry.npmmirror.com/type@1.2.0
    dev: false

  registry.npmmirror.com/data-uri-to-buffer@4.0.1:
    resolution: {integrity: sha512-0R9ikRb668HB7QDxT1vkpuUBtqc53YyAwMwGeUFKRojY/NWKvdZ+9UYtRfGmhqNbRkTSVpMbmyhXipFFv2cb/A==, registry: https://registry.npm.taobao.org/, tarball: https://registry.npmmirror.com/data-uri-to-buffer/-/data-uri-to-buffer-4.0.1.tgz}
    name: data-uri-to-buffer
    version: 4.0.1
    engines: {node: '>= 12'}
    dev: true

  registry.npmmirror.com/debug@2.6.9:
    resolution: {integrity: sha512-bC7ElrdJaJnPbAP+1EotYvqZsb3ecl5wi6Bfi6BJTUcNowp6cvspg0jXznRTKDjm/E7AdgFBVeAPVMNcKGsHMA==, registry: https://registry.npm.taobao.org/, tarball: https://registry.npmmirror.com/debug/-/debug-2.6.9.tgz}
    name: debug
    version: 2.6.9
    peerDependencies:
      supports-color: '*'
    peerDependenciesMeta:
      supports-color:
        optional: true
    dependencies:
      ms: registry.npmmirror.com/ms@2.0.0
    dev: false

  registry.npmmirror.com/es5-ext@0.10.62:
    resolution: {integrity: sha512-BHLqn0klhEpnOKSrzn/Xsz2UIW8j+cGmo9JLzr8BiUapV8hPL9+FliFqjwr9ngW7jWdnxv6eO+/LqyhJVqgrjA==, registry: https://registry.npm.taobao.org/, tarball: https://registry.npmmirror.com/es5-ext/-/es5-ext-0.10.62.tgz}
    name: es5-ext
    version: 0.10.62
    engines: {node: '>=0.10'}
    requiresBuild: true
    dependencies:
      es6-iterator: registry.npmmirror.com/es6-iterator@2.0.3
      es6-symbol: registry.npmmirror.com/es6-symbol@3.1.3
      next-tick: registry.npmmirror.com/next-tick@1.1.0
    dev: false

  registry.npmmirror.com/es6-iterator@2.0.3:
    resolution: {integrity: sha512-zw4SRzoUkd+cl+ZoE15A9o1oQd920Bb0iOJMQkQhl3jNc03YqVjAhG7scf9C5KWRU/R13Orf588uCC6525o02g==, registry: https://registry.npm.taobao.org/, tarball: https://registry.npmmirror.com/es6-iterator/-/es6-iterator-2.0.3.tgz}
    name: es6-iterator
    version: 2.0.3
    dependencies:
      d: registry.npmmirror.com/d@1.0.1
      es5-ext: registry.npmmirror.com/es5-ext@0.10.62
      es6-symbol: registry.npmmirror.com/es6-symbol@3.1.3
    dev: false

  registry.npmmirror.com/es6-symbol@3.1.3:
    resolution: {integrity: sha512-NJ6Yn3FuDinBaBRWl/q5X/s4koRHBrgKAu+yGI6JCBeiu3qrcbJhwT2GeR/EXVfylRk8dpQVJoLEFhK+Mu31NA==, registry: https://registry.npm.taobao.org/, tarball: https://registry.npmmirror.com/es6-symbol/-/es6-symbol-3.1.3.tgz}
    name: es6-symbol
    version: 3.1.3
    dependencies:
      d: registry.npmmirror.com/d@1.0.1
      ext: registry.npmmirror.com/ext@1.7.0
    dev: false

  registry.npmmirror.com/ext@1.7.0:
    resolution: {integrity: sha512-6hxeJYaL110a9b5TEJSj0gojyHQAmA2ch5Os+ySCiA1QGdS697XWY1pzsrSjqA9LDEEgdB/KypIlR59RcLuHYw==, registry: https://registry.npm.taobao.org/, tarball: https://registry.npmmirror.com/ext/-/ext-1.7.0.tgz}
    name: ext
    version: 1.7.0
    dependencies:
      type: registry.npmmirror.com/type@2.7.2
    dev: false

  registry.npmmirror.com/fetch-blob@3.2.0:
    resolution: {integrity: sha512-7yAQpD2UMJzLi1Dqv7qFYnPbaPx7ZfFK6PiIxQ4PfkGPyNyl2Ugx+a/umUonmKqjhM4DnfbMvdX6otXq83soQQ==, registry: https://registry.npm.taobao.org/, tarball: https://registry.npmmirror.com/fetch-blob/-/fetch-blob-3.2.0.tgz}
    name: fetch-blob
    version: 3.2.0
    engines: {node: ^12.20 || >= 14.13}
    dependencies:
      node-domexception: registry.npmmirror.com/node-domexception@1.0.0
      web-streams-polyfill: registry.npmmirror.com/web-streams-polyfill@3.2.1
    dev: true

  registry.npmmirror.com/formdata-polyfill@4.0.10:
    resolution: {integrity: sha512-buewHzMvYL29jdeQTVILecSaZKnt/RJWjoZCF5OW60Z67/GmSLBkOFM7qh1PI3zFNtJbaZL5eQu1vLfazOwj4g==, registry: https://registry.npm.taobao.org/, tarball: https://registry.npmmirror.com/formdata-polyfill/-/formdata-polyfill-4.0.10.tgz}
    name: formdata-polyfill
    version: 4.0.10
    engines: {node: '>=12.20.0'}
    dependencies:
      fetch-blob: registry.npmmirror.com/fetch-blob@3.2.0
    dev: true

  registry.npmmirror.com/fs-minipass@2.1.0:
    resolution: {integrity: sha512-V/JgOLFCS+R6Vcq0slCuaeWEdNC3ouDlJMNIsacH2VtALiu9mV4LPrHc5cDl8k5aw6J8jwgWWpiTo5RYhmIzvg==, registry: https://registry.npm.taobao.org/, tarball: https://registry.npmmirror.com/fs-minipass/-/fs-minipass-2.1.0.tgz}
    name: fs-minipass
    version: 2.1.0
    engines: {node: '>= 8'}
    dependencies:
      minipass: registry.npmmirror.com/minipass@3.3.6
    dev: true

  registry.npmmirror.com/imurmurhash@0.1.4:
    resolution: {integrity: sha512-JmXMZ6wuvDmLiHEml9ykzqO6lwFbof0GG4IkcGaENdCRDDmMVnny7s5HsIgHCbaq0w2MyPhDqkhTUgS2LU2PHA==, registry: https://registry.npm.taobao.org/, tarball: https://registry.npmmirror.com/imurmurhash/-/imurmurhash-0.1.4.tgz}
    name: imurmurhash
    version: 0.1.4
    engines: {node: '>=0.8.19'}
    dev: true

  registry.npmmirror.com/is-typedarray@1.0.0:
    resolution: {integrity: sha512-cyA56iCMHAh5CdzjJIa4aohJyeO1YbwLi3Jc35MmRU6poroFjIGZzUzupGiRPOjgHg9TLu43xbpwXk523fMxKA==, registry: https://registry.npm.taobao.org/, tarball: https://registry.npmmirror.com/is-typedarray/-/is-typedarray-1.0.0.tgz}
    name: is-typedarray
    version: 1.0.0
    dev: false

  registry.npmmirror.com/minipass@3.3.6:
    resolution: {integrity: sha512-DxiNidxSEK+tHG6zOIklvNOwm3hvCrbUrdtzY74U6HKTJxvIDfOUL5W5P2Ghd3DTkhhKPYGqeNUIh5qcM4YBfw==, registry: https://registry.npm.taobao.org/, tarball: https://registry.npmmirror.com/minipass/-/minipass-3.3.6.tgz}
    name: minipass
    version: 3.3.6
    engines: {node: '>=8'}
    dependencies:
      yallist: registry.npmmirror.com/yallist@4.0.0
    dev: true

  registry.npmmirror.com/minipass@5.0.0:
    resolution: {integrity: sha512-3FnjYuehv9k6ovOEbyOswadCDPX1piCfhV8ncmYtHOjuPwylVWsghTLo7rabjC3Rx5xD4HDx8Wm1xnMF7S5qFQ==, registry: https://registry.npm.taobao.org/, tarball: https://registry.npmmirror.com/minipass/-/minipass-5.0.0.tgz}
    name: minipass
    version: 5.0.0
    engines: {node: '>=8'}
    dev: true

  registry.npmmirror.com/minizlib@2.1.2:
    resolution: {integrity: sha512-bAxsR8BVfj60DWXHE3u30oHzfl4G7khkSuPW+qvpd7jFRHm7dLxOjUk1EHACJ/hxLY8phGJ0YhYHZo7jil7Qdg==, registry: https://registry.npm.taobao.org/, tarball: https://registry.npmmirror.com/minizlib/-/minizlib-2.1.2.tgz}
    name: minizlib
    version: 2.1.2
    engines: {node: '>= 8'}
    dependencies:
      minipass: registry.npmmirror.com/minipass@3.3.6
      yallist: registry.npmmirror.com/yallist@4.0.0
    dev: true

  registry.npmmirror.com/mkdirp@1.0.4:
    resolution: {integrity: sha512-vVqVZQyf3WLx2Shd0qJ9xuvqgAyKPLAiqITEtqW0oIUjzo3PePDd6fW9iFz30ef7Ysp/oiWqbhszeGWW2T6Gzw==, registry: https://registry.npm.taobao.org/, tarball: https://registry.npmmirror.com/mkdirp/-/mkdirp-1.0.4.tgz}
    name: mkdirp
    version: 1.0.4
    engines: {node: '>=10'}
    hasBin: true
    dev: true

  registry.npmmirror.com/ms@2.0.0:
    resolution: {integrity: sha512-Tpp60P6IUJDTuOq/5Z8cdskzJujfwqfOTkrwIwj7IRISpnkJnT6SyJ4PCPnGMoFjC9ddhal5KVIYtAt97ix05A==, registry: https://registry.npm.taobao.org/, tarball: https://registry.npmmirror.com/ms/-/ms-2.0.0.tgz}
    name: ms
    version: 2.0.0
    dev: false

  registry.npmmirror.com/next-tick@1.1.0:
    resolution: {integrity: sha512-CXdUiJembsNjuToQvxayPZF9Vqht7hewsvy2sOWafLvi2awflj9mOC6bHIg50orX8IJvWKY9wYQ/zB2kogPslQ==, registry: https://registry.npm.taobao.org/, tarball: https://registry.npmmirror.com/next-tick/-/next-tick-1.1.0.tgz}
    name: next-tick
    version: 1.1.0
    dev: false

  registry.npmmirror.com/node-domexception@1.0.0:
    resolution: {integrity: sha512-/jKZoMpw0F8GRwl4/eLROPA3cfcXtLApP0QzLmUT/HuPCZWyB7IY9ZrMeKw2O/nFIqPQB3PVM9aYm0F312AXDQ==, registry: https://registry.npm.taobao.org/, tarball: https://registry.npmmirror.com/node-domexception/-/node-domexception-1.0.0.tgz}
    name: node-domexception
    version: 1.0.0
    engines: {node: '>=10.5.0'}
    dev: true

  registry.npmmirror.com/node-fetch@2.6.11:
    resolution: {integrity: sha512-4I6pdBY1EthSqDmJkiNk3JIT8cswwR9nfeW/cPdUagJYEQG7R95WRH74wpz7ma8Gh/9dI9FP+OU+0E4FvtA55w==, registry: https://registry.npm.taobao.org/, tarball: https://registry.npmmirror.com/node-fetch/-/node-fetch-2.6.11.tgz}
    name: node-fetch
    version: 2.6.11
    engines: {node: 4.x || >=6.0.0}
    peerDependencies:
      encoding: ^0.1.0
    peerDependenciesMeta:
      encoding:
        optional: true
    dependencies:
      whatwg-url: registry.npmmirror.com/whatwg-url@5.0.0
    dev: false

  registry.npmmirror.com/node-fetch@3.3.1:
    resolution: {integrity: sha512-cRVc/kyto/7E5shrWca1Wsea4y6tL9iYJE5FBCius3JQfb/4P4I295PfhgbJQBLTx6lATE4z+wK0rPM4VS2uow==, registry: https://registry.npm.taobao.org/, tarball: https://registry.npmmirror.com/node-fetch/-/node-fetch-3.3.1.tgz}
    name: node-fetch
    version: 3.3.1
    engines: {node: ^12.20.0 || ^14.13.1 || >=16.0.0}
    dependencies:
      data-uri-to-buffer: registry.npmmirror.com/data-uri-to-buffer@4.0.1
      fetch-blob: registry.npmmirror.com/fetch-blob@3.2.0
      formdata-polyfill: registry.npmmirror.com/formdata-polyfill@4.0.10
    dev: true

  registry.npmmirror.com/node-gyp-build@4.6.0:
    resolution: {integrity: sha512-NTZVKn9IylLwUzaKjkas1e4u2DLNcV4rdYagA4PWdPwW87Bi7z+BznyKSRwS/761tV/lzCGXplWsiaMjLqP2zQ==, registry: https://registry.npm.taobao.org/, tarball: https://registry.npmmirror.com/node-gyp-build/-/node-gyp-build-4.6.0.tgz}
    name: node-gyp-build
    version: 4.6.0
    hasBin: true
    dev: false

  registry.npmmirror.com/npm-normalize-package-bin@3.0.1:
    resolution: {integrity: sha512-dMxCf+zZ+3zeQZXKxmyuCKlIDPGuv8EF940xbkC4kQVDTtqoh6rJFO+JTKSA6/Rwi0getWmtuy4Itup0AMcaDQ==, registry: https://registry.npm.taobao.org/, tarball: https://registry.npmmirror.com/npm-normalize-package-bin/-/npm-normalize-package-bin-3.0.1.tgz}
    name: npm-normalize-package-bin
    version: 3.0.1
    engines: {node: ^14.17.0 || ^16.13.0 || >=18.0.0}
    dev: true

  registry.npmmirror.com/read-cmd-shim@4.0.0:
    resolution: {integrity: sha512-yILWifhaSEEytfXI76kB9xEEiG1AiozaCJZ83A87ytjRiN+jVibXjedjCRNjoZviinhG+4UkalO3mWTd8u5O0Q==, registry: https://registry.npm.taobao.org/, tarball: https://registry.npmmirror.com/read-cmd-shim/-/read-cmd-shim-4.0.0.tgz}
    name: read-cmd-shim
    version: 4.0.0
    engines: {node: ^14.17.0 || ^16.13.0 || >=18.0.0}
    dev: true

  registry.npmmirror.com/signal-exit@4.0.2:
    resolution: {integrity: sha512-MY2/qGx4enyjprQnFaZsHib3Yadh3IXyV2C321GY0pjGfVBu4un0uDJkwgdxqO+Rdx8JMT8IfJIRwbYVz3Ob3Q==, registry: https://registry.npm.taobao.org/, tarball: https://registry.npmmirror.com/signal-exit/-/signal-exit-4.0.2.tgz}
    name: signal-exit
    version: 4.0.2
    engines: {node: '>=14'}
    dev: true

  registry.npmmirror.com/supabase@1.63.1:
    resolution: {integrity: sha512-ziMuXTksvT4e8a1gtm1OczbYyWXdmsP8AmNwjXxB6t3PsjK7UyIITCHAdqoJItnfRLsnuceyZ2b+iedIzy0Wgw==, registry: https://registry.npm.taobao.org/, tarball: https://registry.npmmirror.com/supabase/-/supabase-1.63.1.tgz}
    name: supabase
    version: 1.63.1
    hasBin: true
    requiresBuild: true
    dependencies:
      bin-links: registry.npmmirror.com/bin-links@4.0.1
      node-fetch: registry.npmmirror.com/node-fetch@3.3.1
      tar: registry.npmmirror.com/tar@6.1.15
    dev: true

  registry.npmmirror.com/tar@6.1.15:
    resolution: {integrity: sha512-/zKt9UyngnxIT/EAGYuxaMYgOIJiP81ab9ZfkILq4oNLPFX50qyYmu7jRj9qeXoxmJHjGlbH0+cm2uy1WCs10A==, registry: https://registry.npm.taobao.org/, tarball: https://registry.npmmirror.com/tar/-/tar-6.1.15.tgz}
    name: tar
    version: 6.1.15
    engines: {node: '>=10'}
    dependencies:
      chownr: registry.npmmirror.com/chownr@2.0.0
      fs-minipass: registry.npmmirror.com/fs-minipass@2.1.0
      minipass: registry.npmmirror.com/minipass@5.0.0
      minizlib: registry.npmmirror.com/minizlib@2.1.2
      mkdirp: registry.npmmirror.com/mkdirp@1.0.4
      yallist: registry.npmmirror.com/yallist@4.0.0
    dev: true

  registry.npmmirror.com/tr46@0.0.3:
    resolution: {integrity: sha512-N3WMsuqV66lT30CrXNbEjx4GEwlow3v6rr4mCcv6prnfwhS01rkgyFdjPNBYd9br7LpXV1+Emh01fHnq2Gdgrw==, registry: https://registry.npm.taobao.org/, tarball: https://registry.npmmirror.com/tr46/-/tr46-0.0.3.tgz}
    name: tr46
    version: 0.0.3
    dev: false

  registry.npmmirror.com/type@1.2.0:
    resolution: {integrity: sha512-+5nt5AAniqsCnu2cEQQdpzCAh33kVx8n0VoFidKpB1dVVLAN/F+bgVOqOJqOnEnrhp222clB5p3vUlD+1QAnfg==, registry: https://registry.npm.taobao.org/, tarball: https://registry.npmmirror.com/type/-/type-1.2.0.tgz}
    name: type
    version: 1.2.0
    dev: false

  registry.npmmirror.com/type@2.7.2:
    resolution: {integrity: sha512-dzlvlNlt6AXU7EBSfpAscydQ7gXB+pPGsPnfJnZpiNJBDj7IaJzQlBZYGdEi4R9HmPdBv2XmWJ6YUtoTa7lmCw==, registry: https://registry.npm.taobao.org/, tarball: https://registry.npmmirror.com/type/-/type-2.7.2.tgz}
    name: type
    version: 2.7.2
    dev: false

  registry.npmmirror.com/typedarray-to-buffer@3.1.5:
    resolution: {integrity: sha512-zdu8XMNEDepKKR+XYOXAVPtWui0ly0NtohUscw+UmaHiAWT8hrV1rr//H6V+0DvJ3OQ19S979M0laLfX8rm82Q==, registry: https://registry.npm.taobao.org/, tarball: https://registry.npmmirror.com/typedarray-to-buffer/-/typedarray-to-buffer-3.1.5.tgz}
    name: typedarray-to-buffer
    version: 3.1.5
    dependencies:
      is-typedarray: registry.npmmirror.com/is-typedarray@1.0.0
    dev: false

  registry.npmmirror.com/utf-8-validate@5.0.10:
    resolution: {integrity: sha512-Z6czzLq4u8fPOyx7TU6X3dvUZVvoJmxSQ+IcrlmagKhilxlhZgxPK6C5Jqbkw1IDUmFTM+cz9QDnnLTwDz/2gQ==, registry: https://registry.npm.taobao.org/, tarball: https://registry.npmmirror.com/utf-8-validate/-/utf-8-validate-5.0.10.tgz}
    name: utf-8-validate
    version: 5.0.10
    engines: {node: '>=6.14.2'}
    requiresBuild: true
    dependencies:
      node-gyp-build: registry.npmmirror.com/node-gyp-build@4.6.0
    dev: false

  registry.npmmirror.com/web-streams-polyfill@3.2.1:
    resolution: {integrity: sha512-e0MO3wdXWKrLbL0DgGnUV7WHVuw9OUvL4hjgnPkIeEvESk74gAITi5G606JtZPp39cd8HA9VQzCIvA49LpPN5Q==, registry: https://registry.npm.taobao.org/, tarball: https://registry.npmmirror.com/web-streams-polyfill/-/web-streams-polyfill-3.2.1.tgz}
    name: web-streams-polyfill
    version: 3.2.1
    engines: {node: '>= 8'}
    dev: true

  registry.npmmirror.com/webidl-conversions@3.0.1:
    resolution: {integrity: sha512-2JAn3z8AR6rjK8Sm8orRC0h/bcl/DqL7tRPdGZ4I1CjdF+EaMLmYxBHyXuKL849eucPFhvBoxMsflfOb8kxaeQ==, registry: https://registry.npm.taobao.org/, tarball: https://registry.npmmirror.com/webidl-conversions/-/webidl-conversions-3.0.1.tgz}
    name: webidl-conversions
    version: 3.0.1
    dev: false

  registry.npmmirror.com/websocket@1.0.34:
    resolution: {integrity: sha512-PRDso2sGwF6kM75QykIesBijKSVceR6jL2G8NGYyq2XrItNC2P5/qL5XeR056GhA+Ly7JMFvJb9I312mJfmqnQ==, registry: https://registry.npm.taobao.org/, tarball: https://registry.npmmirror.com/websocket/-/websocket-1.0.34.tgz}
    name: websocket
    version: 1.0.34
    engines: {node: '>=4.0.0'}
    dependencies:
      bufferutil: registry.npmmirror.com/bufferutil@4.0.7
      debug: registry.npmmirror.com/debug@2.6.9
      es5-ext: registry.npmmirror.com/es5-ext@0.10.62
      typedarray-to-buffer: registry.npmmirror.com/typedarray-to-buffer@3.1.5
      utf-8-validate: registry.npmmirror.com/utf-8-validate@5.0.10
      yaeti: registry.npmmirror.com/yaeti@0.0.6
    transitivePeerDependencies:
      - supports-color
    dev: false

  registry.npmmirror.com/whatwg-url@5.0.0:
    resolution: {integrity: sha512-saE57nupxk6v3HY35+jzBwYa0rKSy0XR8JSxZPwgLr7ys0IBzhGviA1/TUGJLmSVqs8pb9AnvICXEuOHLprYTw==, registry: https://registry.npm.taobao.org/, tarball: https://registry.npmmirror.com/whatwg-url/-/whatwg-url-5.0.0.tgz}
    name: whatwg-url
    version: 5.0.0
    dependencies:
      tr46: registry.npmmirror.com/tr46@0.0.3
      webidl-conversions: registry.npmmirror.com/webidl-conversions@3.0.1
    dev: false

  registry.npmmirror.com/write-file-atomic@5.0.1:
    resolution: {integrity: sha512-+QU2zd6OTD8XWIJCbffaiQeH9U73qIqafo1x6V1snCWYGJf6cVE0cDR4D8xRzcEnfI21IFrUPzPGtcPf8AC+Rw==, registry: https://registry.npm.taobao.org/, tarball: https://registry.npmmirror.com/write-file-atomic/-/write-file-atomic-5.0.1.tgz}
    name: write-file-atomic
    version: 5.0.1
    engines: {node: ^14.17.0 || ^16.13.0 || >=18.0.0}
    dependencies:
      imurmurhash: registry.npmmirror.com/imurmurhash@0.1.4
      signal-exit: registry.npmmirror.com/signal-exit@4.0.2
    dev: true

  registry.npmmirror.com/yaeti@0.0.6:
    resolution: {integrity: sha512-MvQa//+KcZCUkBTIC9blM+CU9J2GzuTytsOUwf2lidtvkx/6gnEp1QvJv34t9vdjhFmha/mUiNDbN0D0mJWdug==, registry: https://registry.npm.taobao.org/, tarball: https://registry.npmmirror.com/yaeti/-/yaeti-0.0.6.tgz}
    name: yaeti
    version: 0.0.6
    engines: {node: '>=0.10.32'}
    dev: false

  registry.npmmirror.com/yallist@4.0.0:
    resolution: {integrity: sha512-3wdGidZyq5PB084XLES5TpOSRA3wjXAlIWMhum2kRcv/41Sn2emQ0dycQW4uZXLejwKvg6EsvbdlVL+FYEct7A==, registry: https://registry.npm.taobao.org/, tarball: https://registry.npmmirror.com/yallist/-/yallist-4.0.0.tgz}
    name: yallist
    version: 4.0.0
    dev: true
